<?xml version="1.0" encoding="utf-8"?>
<Project ToolsVersion="4.0" xmlns="http://schemas.microsoft.com/developer/msbuild/2003">
  <ItemGroup>
    <Filter Include="Source Files">
      <UniqueIdentifier>{4FC737F1-C7A5-4376-A066-2A32D752A2FF}</UniqueIdentifier>
      <Extensions>cpp;c;cc;cxx;def;odl;idl;hpj;bat;asm;asmx</Extensions>
    </Filter>
    <Filter Include="Header Files">
      <UniqueIdentifier>{93995380-89BD-4b04-88EB-625FBE52EBFB}</UniqueIdentifier>
      <Extensions>h;hh;hpp;hxx;hm;inl;inc;xsd</Extensions>
    </Filter>
    <Filter Include="Resource Files">
      <UniqueIdentifier>{67DA6AB6-F800-4c08-8B7A-83BB121AAD01}</UniqueIdentifier>
      <Extensions>rc;ico;cur;bmp;dlg;rc2;rct;bin;rgs;gif;jpg;jpeg;jpe;resx;tiff;tif;png;wav;mfcribbon-ms</Extensions>
    </Filter>
  </ItemGroup>
  <ItemGroup>
    <ClCompile Include="cge\core\app.cpp">
      <Filter>Source Files</Filter>
    </ClCompile>
    <ClCompile Include="cge\core\camera.cpp">
      <Filter>Source Files</Filter>
    </ClCompile>
    <ClCompile Include="cge\core\helper.cpp">
      <Filter>Source Files</Filter>
    </ClCompile>
    <ClCompile Include="cge\core\ResourceManager.cpp">
      <Filter>Source Files</Filter>
    </ClCompile>
    <ClCompile Include="cge\core\Shader.cpp">
      <Filter>Source Files</Filter>
    </ClCompile>
    <ClCompile Include="cge\core\SpriteBatch.cpp">
      <Filter>Source Files</Filter>
    </ClCompile>
    <ClCompile Include="cge\core\Texture.cpp">
      <Filter>Source Files</Filter>
    </ClCompile>
    <ClCompile Include="main.cpp">
      <Filter>Source Files</Filter>
    </ClCompile>
    <ClCompile Include="cge\game\SpriteSheetUV.cpp">
      <Filter>Source Files</Filter>
    </ClCompile>
    <ClCompile Include="cge\game\Hitbox.cpp">
      <Filter>Source Files</Filter>
    </ClCompile>
    <ClCompile Include="cge\game\Sprite.cpp">
      <Filter>Source Files</Filter>
    </ClCompile>
    <ClCompile Include="cge\game\SpriteSheet.cpp">
      <Filter>Source Files</Filter>
    </ClCompile>
    <ClCompile Include="cge\game\AnimationsUV.cpp">
      <Filter>Source Files</Filter>
    </ClCompile>
    <ClCompile Include="cge\game\SpriteAnimation.cpp">
      <Filter>Source Files</Filter>
    </ClCompile>
    <ClCompile Include="cge\core\Text.cpp">
      <Filter>Source Files</Filter>
    </ClCompile>
    <ClCompile Include="game\classes\entities\Entity.cpp">
      <Filter>Source Files</Filter>
    </ClCompile>
    <ClCompile Include="game\classes\entities\Creature.cpp">
      <Filter>Source Files</Filter>
    </ClCompile>
    <ClCompile Include="game\classes\entities\Player.cpp">
      <Filter>Source Files</Filter>
    </ClCompile>
    <ClCompile Include="cge\core\SpriteRenderer.cpp">
      <Filter>Source Files</Filter>
    </ClCompile>
    <ClCompile Include="game\classes\world\Room.cpp">
      <Filter>Source Files</Filter>
    </ClCompile>
  </ItemGroup>
  <ItemGroup>
    <ClInclude Include="cge\core\app.h">
      <Filter>Header Files</Filter>
    </ClInclude>
    <ClInclude Include="cge\core\camera.h">
      <Filter>Header Files</Filter>
    </ClInclude>
    <ClInclude Include="cge\core\helper.h">
      <Filter>Header Files</Filter>
    </ClInclude>
    <ClInclude Include="cge\core\ResourceManager.h">
      <Filter>Header Files</Filter>
    </ClInclude>
    <ClInclude Include="cge\core\Shader.h">
      <Filter>Header Files</Filter>
    </ClInclude>
    <ClInclude Include="cge\core\SpriteBatch.h">
      <Filter>Header Files</Filter>
    </ClInclude>
    <ClInclude Include="cge\core\Texture.h">
      <Filter>Header Files</Filter>
    </ClInclude>
    <ClInclude Include="cge\cge.h">
      <Filter>Header Files</Filter>
    </ClInclude>
    <ClInclude Include="cge\game\SpriteSheetUV.h">
      <Filter>Header Files</Filter>
    </ClInclude>
    <ClInclude Include="cge\game\Hitbox.h">
      <Filter>Header Files</Filter>
    </ClInclude>
    <ClInclude Include="cge\game\Sprite.h">
      <Filter>Header Files</Filter>
    </ClInclude>
    <ClInclude Include="cge\game\SpriteSheet.h">
      <Filter>Header Files</Filter>
    </ClInclude>
    <ClInclude Include="cge\game\AnimationsUV.h">
      <Filter>Header Files</Filter>
    </ClInclude>
    <ClInclude Include="cge\game\SpriteAnimation.h">
      <Filter>Header Files</Filter>
    </ClInclude>
    <ClInclude Include="cge\core\Text.h">
      <Filter>Header Files</Filter>
    </ClInclude>
    <ClInclude Include="game\utils\TextureStorage.h">
      <Filter>Header Files</Filter>
    </ClInclude>
    <ClInclude Include="game\utils\ShaderStorage.h">
      <Filter>Header Files</Filter>
    </ClInclude>
    <ClInclude Include="game\utils\constants.h">
      <Filter>Header Files</Filter>
    </ClInclude>
    <ClInclude Include="game\utils\assets-uv.h">
      <Filter>Header Files</Filter>
    </ClInclude>
    <ClInclude Include="game\utils\EntityBuilder.h">
      <Filter>Header Files</Filter>
    </ClInclude>
    <ClInclude Include="game\classes\entities\Entity.h">
      <Filter>Header Files</Filter>
    </ClInclude>
    <ClInclude Include="game\classes\entities\Player.h">
      <Filter>Header Files</Filter>
    </ClInclude>
    <ClInclude Include="game\classes\entities\Creature.h">
      <Filter>Header Files</Filter>
    </ClInclude>
    <ClInclude Include="cge\core\SpriteRenderer.h">
      <Filter>Header Files</Filter>
    </ClInclude>
    <ClInclude Include="game\classes\world\Room.h">
      <Filter>Header Files</Filter>
    </ClInclude>
  </ItemGroup>
</Project>